
Microsoft Visual Studio Solution File, Format Version 12.00
# Visual Studio Version 17
VisualStudioVersion = 17.14.36616.10 d17.14
MinimumVisualStudioVersion = 10.0.40219.1
Project("{FAE04EC0-301F-11D3-BF4B-00C04F79EFBC}") = "Company.PortalWWW", "Company.PortalWWW\Company.PortalWWW.csproj", "{A5BDEC83-3334-41D0-8FCB-D35016117506}"
EndProject
Project("{FAE04EC0-301F-11D3-BF4B-00C04F79EFBC}") = "Company.Intranet", "Company.Intranet\Company.Intranet.csproj", "{F5F7C11D-7DAE-49CD-8805-DF47B7A40619}"
EndProject
Global
	GlobalSection(SolutionConfigurationPlatforms) = preSolution
		Debug|Any CPU = Debug|Any CPU
		Release|Any CPU = Release|Any CPU
	EndGlobalSection
	GlobalSection(ProjectConfigurationPlatforms) = postSolution
		{A5BDEC83-3334-41D0-8FCB-D35016117506}.Debug|Any CPU.ActiveCfg = Debug|Any CPU
		{A5BDEC83-3334-41D0-8FCB-D35016117506}.Debug|Any CPU.Build.0 = Debug|Any CPU
		{A5BDEC83-3334-41D0-8FCB-D35016117506}.Release|Any CPU.ActiveCfg = Release|Any CPU
		{A5BDEC83-3334-41D0-8FCB-D35016117506}.Release|Any CPU.Build.0 = Release|Any CPU
		{F5F7C11D-7DAE-49CD-8805-DF47B7A40619}.Debug|Any CPU.ActiveCfg = Debug|Any CPU
		{F5F7C11D-7DAE-49CD-8805-DF47B7A40619}.Debug|Any CPU.Build.0 = Debug|Any CPU
		{F5F7C11D-7DAE-49CD-8805-DF47B7A40619}.Release|Any CPU.ActiveCfg = Release|Any CPU
		{F5F7C11D-7DAE-49CD-8805-DF47B7A40619}.Release|Any CPU.Build.0 = Release|Any CPU
	EndGlobalSection
	GlobalSection(SolutionProperties) = preSolution
		HideSolutionNode = FALSE
	EndGlobalSection
	GlobalSection(ExtensibilityGlobals) = postSolution
		SolutionGuid = {255C1945-47BB-430E-83F0-B4CCA302561A}
	EndGlobalSection
EndGlobal
